
Microsoft Visual Studio Solution File, Format Version 12.00
# Visual Studio Version 16
VisualStudioVersion = 16.0.30011.22
MinimumVisualStudioVersion = 10.0.40219.1
Project("{F184B08F-C81C-45F6-A57F-5ABD9991F28F}") = "Auction Company[Audited]", "Auction Company[Audited].vbproj", "{5763BAAE-565C-496C-9EF5-BD2F3A2FD085}"
EndProject
Global
	GlobalSection(SolutionConfigurationPlatforms) = preSolution
		Debug|Any CPU = Debug|Any CPU
		Release|Any CPU = Release|Any CPU
	EndGlobalSection
	GlobalSection(ProjectConfigurationPlatforms) = postSolution
		{5763BAAE-565C-496C-9EF5-BD2F3A2FD085}.Debug|Any CPU.ActiveCfg = Debug|Any CPU
		{5763BAAE-565C-496C-9EF5-BD2F3A2FD085}.Debug|Any CPU.Build.0 = Debug|Any CPU
		{5763BAAE-565C-496C-9EF5-BD2F3A2FD085}.Release|Any CPU.ActiveCfg = Release|Any CPU
		{5763BAAE-565C-496C-9EF5-BD2F3A2FD085}.Release|Any CPU.Build.0 = Release|Any CPU
	EndGlobalSection
	GlobalSection(SolutionProperties) = preSolution
		HideSolutionNode = FALSE
	EndGlobalSection
	GlobalSection(ExtensibilityGlobals) = postSolution
		SolutionGuid = {834C4F39-B8CC-4657-A749-EF4724F5AEDF}
	EndGlobalSection
EndGlobal
